
PODS:
- AFNetworking (1.0.1)
- MBProgressHUD (0.5)
- SSPullToRefresh (1.0.1)
- SWRevealViewController (0.0.1)
- YRDropdownView (0.0.1)

DEPENDENCIES:
- AFNetworking
- MBProgressHUD
- SSPullToRefresh
- SWRevealViewController
- YRDropdownView

SPEC CHECKSUMS:
  AFNetworking: 0bce3ae41023e080e96b8a2e0d07c94709f72a81
  MBProgressHUD: b23ee11c42253d6d804e8e0bfabdc334e8b2571f
  SSPullToRefresh: 79a7981b5a08316749d8fae0b5c813fbc2fac7dd
  SWRevealViewController: 9a3d2c555fc89fe10483b2517af7a64f976d883c
  YRDropdownView: 6cd453679912af8d45cf73ea8d9e079885b99012

COCOAPODS: 0.16.1
